{
  "originHash" : "f132e4d148b321109634f71a25014d5be9b33a61ff871e276e60e661b6bef83d",
  "pins" : [
    {
      "identity" : "grid",
      "kind" : "remoteSourceControl",
      "location" : "https://github.com/exyte/Grid",
      "state" : {
        "revision" : "65329599b1bbedbfd06eb5a432bab58403c27a8e",
        "version" : "1.5.0"
      }
    },
    {
      "identity" : "swift-numerics",
      "kind" : "remoteSourceControl",
      "location" : "https://github.com/apple/swift-numerics.git",
      "state" : {
        "revision" : "e0ec0f5f3af6f3e4d5e7a19d2af26b481acb6ba8",
        "version" : "1.0.3"
      }
    }
  ],
  "version" : 3
}
