// !$*UTF8*$!
{
	archiveVersion = 1;
	classes = {
	};
	objectVersion = 77;
	objects = {

/* Begin PBXContainerItemProxy section */
		218B781A2E15C69E00F8B129 /* PBXContainerItemProxy */ = {
			isa = PBXContainerItemProxy;
			containerPortal = 218B78042E15C69D00F8B129 /* Project object */;
			proxyType = 1;
			remoteGlobalIDString = 218B780B2E15C69D00F8B129;
			remoteInfo = WoodworkingCalculator;
		};
		218B78242E15C69E00F8B129 /* PBXContainerItemProxy */ = {
			isa = PBXContainerItemProxy;
			containerPortal = 218B78042E15C69D00F8B129 /* Project object */;
			proxyType = 1;
			remoteGlobalIDString = 218B780B2E15C69D00F8B129;
			remoteInfo = WoodworkingCalculator;
		};
/* End PBXContainerItemProxy section */

/* Begin PBXFileReference section */
		218B780C2E15C69D00F8B129 /* WoodworkingCalculator.app */ = {isa = PBXFileReference; explicitFileType = wrapper.application; includeInIndex = 0; path = WoodworkingCalculator.app; sourceTree = BUILT_PRODUCTS_DIR; };
		218B78192E15C69E00F8B129 /* WoodworkingCalculatorTests.xctest */ = {isa = PBXFileReference; explicitFileType = wrapper.cfbundle; includeInIndex = 0; path = WoodworkingCalculatorTests.xctest; sourceTree = BUILT_PRODUCTS_DIR; };
		218B78232E15C69E00F8B129 /* WoodworkingCalculatorUITests.xctest */ = {isa = PBXFileReference; explicitFileType = wrapper.cfbundle; includeInIndex = 0; path = WoodworkingCalculatorUITests.xctest; sourceTree = BUILT_PRODUCTS_DIR; };
/* End PBXFileReference section */

/* Begin PBXFileSystemSynchronizedBuildFileExceptionSet section */
		218B78742E1611BF00F8B129 /* Exceptions for "WoodworkingCalculator" folder in "WoodworkingCalculator" target */ = {
			isa = PBXFileSystemSynchronizedBuildFileExceptionSet;
			membershipExceptions = (
				Headless/.gitignore,
				Headless/calculate.sh,
				Headless/main.swift,
				Parser/.gitignore,
				Parser/WoodworkingCalculatorGrammar.y,
			);
			target = 218B780B2E15C69D00F8B129 /* WoodworkingCalculator */;
		};
/* End PBXFileSystemSynchronizedBuildFileExceptionSet section */

/* Begin PBXFileSystemSynchronizedRootGroup section */
		218B780E2E15C69D00F8B129 /* WoodworkingCalculator */ = {
			isa = PBXFileSystemSynchronizedRootGroup;
			exceptions = (
				218B78742E1611BF00F8B129 /* Exceptions for "WoodworkingCalculator" folder in "WoodworkingCalculator" target */,
			);
			path = WoodworkingCalculator;
			sourceTree = "<group>";
		};
		218B781C2E15C69E00F8B129 /* WoodworkingCalculatorTests */ = {
			isa = PBXFileSystemSynchronizedRootGroup;
			path = WoodworkingCalculatorTests;
			sourceTree = "<group>";
		};
		218B78262E15C69E00F8B129 /* WoodworkingCalculatorUITests */ = {
			isa = PBXFileSystemSynchronizedRootGroup;
			path = WoodworkingCalculatorUITests;
			sourceTree = "<group>";
		};
/* End PBXFileSystemSynchronizedRootGroup section */

/* Begin PBXFrameworksBuildPhase section */
		218B78092E15C69D00F8B129 /* Frameworks */ = {
			isa = PBXFrameworksBuildPhase;
			buildActionMask = 2147483647;
			files = (
			);
			runOnlyForDeploymentPostprocessing = 0;
		};
		218B78162E15C69E00F8B129 /* Frameworks */ = {
			isa = PBXFrameworksBuildPhase;
			buildActionMask = 2147483647;
			files = (
			);
			runOnlyForDeploymentPostprocessing = 0;
		};
		218B78202E15C69E00F8B129 /* Frameworks */ = {
			isa = PBXFrameworksBuildPhase;
			buildActionMask = 2147483647;
			files = (
			);
			runOnlyForDeploymentPostprocessing = 0;
		};
/* End PBXFrameworksBuildPhase section */

/* Begin PBXGroup section */
		218B78032E15C69D00F8B129 = {
			isa = PBXGroup;
			children = (
				218B780E2E15C69D00F8B129 /* WoodworkingCalculator */,
				218B781C2E15C69E00F8B129 /* WoodworkingCalculatorTests */,
				218B78262E15C69E00F8B129 /* WoodworkingCalculatorUITests */,
				218B780D2E15C69D00F8B129 /* Products */,
			);
			sourceTree = "<group>";
		};
		218B780D2E15C69D00F8B129 /* Products */ = {
			isa = PBXGroup;
			children = (
				218B780C2E15C69D00F8B129 /* WoodworkingCalculator.app */,
				218B78192E15C69E00F8B129 /* WoodworkingCalculatorTests.xctest */,
				218B78232E15C69E00F8B129 /* WoodworkingCalculatorUITests.xctest */,
			);
			name = Products;
			sourceTree = "<group>";
		};
/* End PBXGroup section */

/* Begin PBXNativeTarget section */
		218B780B2E15C69D00F8B129 /* WoodworkingCalculator */ = {
			isa = PBXNativeTarget;
			buildConfigurationList = 218B782D2E15C69E00F8B129 /* Build configuration list for PBXNativeTarget "WoodworkingCalculator" */;
			buildPhases = (
				218B78082E15C69D00F8B129 /* Sources */,
				218B78092E15C69D00F8B129 /* Frameworks */,
				218B780A2E15C69D00F8B129 /* Resources */,
			);
			buildRules = (
			);
			dependencies = (
			);
			fileSystemSynchronizedGroups = (
				218B780E2E15C69D00F8B129 /* WoodworkingCalculator */,
			);
			name = WoodworkingCalculator;
			packageProductDependencies = (
			);
			productName = WoodworkingCalculator;
			productReference = 218B780C2E15C69D00F8B129 /* WoodworkingCalculator.app */;
			productType = "com.apple.product-type.application";
		};
		218B78182E15C69E00F8B129 /* WoodworkingCalculatorTests */ = {
			isa = PBXNativeTarget;
			buildConfigurationList = 218B78302E15C69E00F8B129 /* Build configuration list for PBXNativeTarget "WoodworkingCalculatorTests" */;
			buildPhases = (
				218B78152E15C69E00F8B129 /* Sources */,
				218B78162E15C69E00F8B129 /* Frameworks */,
				218B78172E15C69E00F8B129 /* Resources */,
			);
			buildRules = (
			);
			dependencies = (
				218B781B2E15C69E00F8B129 /* PBXTargetDependency */,
			);
			fileSystemSynchronizedGroups = (
				218B781C2E15C69E00F8B129 /* WoodworkingCalculatorTests */,
			);
			name = WoodworkingCalculatorTests;
			packageProductDependencies = (
			);
			productName = WoodworkingCalculatorTests;
			productReference = 218B78192E15C69E00F8B129 /* WoodworkingCalculatorTests.xctest */;
			productType = "com.apple.product-type.bundle.unit-test";
		};
		218B78222E15C69E00F8B129 /* WoodworkingCalculatorUITests */ = {
			isa = PBXNativeTarget;
			buildConfigurationList = 218B78332E15C69E00F8B129 /* Build configuration list for PBXNativeTarget "WoodworkingCalculatorUITests" */;
			buildPhases = (
				218B781F2E15C69E00F8B129 /* Sources */,
				218B78202E15C69E00F8B129 /* Frameworks */,
				218B78212E15C69E00F8B129 /* Resources */,
			);
			buildRules = (
			);
			dependencies = (
				218B78252E15C69E00F8B129 /* PBXTargetDependency */,
			);
			fileSystemSynchronizedGroups = (
				218B78262E15C69E00F8B129 /* WoodworkingCalculatorUITests */,
			);
			name = WoodworkingCalculatorUITests;
			packageProductDependencies = (
			);
			productName = WoodworkingCalculatorUITests;
			productReference = 218B78232E15C69E00F8B129 /* WoodworkingCalculatorUITests.xctest */;
			productType = "com.apple.product-type.bundle.ui-testing";
		};
/* End PBXNativeTarget section */

/* Begin PBXProject section */
		218B78042E15C69D00F8B129 /* Project object */ = {
			isa = PBXProject;
			attributes = {
				BuildIndependentTargetsInParallel = 1;
				LastSwiftUpdateCheck = 1640;
				LastUpgradeCheck = 1640;
				TargetAttributes = {
					218B780B2E15C69D00F8B129 = {
						CreatedOnToolsVersion = 16.4;
						LastSwiftMigration = 1640;
					};
					218B78182E15C69E00F8B129 = {
						CreatedOnToolsVersion = 16.4;
						TestTargetID = 218B780B2E15C69D00F8B129;
					};
					218B78222E15C69E00F8B129 = {
						CreatedOnToolsVersion = 16.4;
						TestTargetID = 218B780B2E15C69D00F8B129;
					};
				};
			};
			buildConfigurationList = 218B78072E15C69D00F8B129 /* Build configuration list for PBXProject "WoodworkingCalculator" */;
			developmentRegion = en;
			hasScannedForEncodings = 0;
			knownRegions = (
				en,
				Base,
			);
			mainGroup = 218B78032E15C69D00F8B129;
			minimizedProjectReferenceProxies = 1;
			preferredProjectObjectVersion = 77;
			productRefGroup = 218B780D2E15C69D00F8B129 /* Products */;
			projectDirPath = "";
			projectRoot = "";
			targets = (
				218B780B2E15C69D00F8B129 /* WoodworkingCalculator */,
				218B78182E15C69E00F8B129 /* WoodworkingCalculatorTests */,
				218B78222E15C69E00F8B129 /* WoodworkingCalculatorUITests */,
			);
		};
/* End PBXProject section */

/* Begin PBXResourcesBuildPhase section */
		218B780A2E15C69D00F8B129 /* Resources */ = {
			isa = PBXResourcesBuildPhase;
			buildActionMask = 2147483647;
			files = (
			);
			runOnlyForDeploymentPostprocessing = 0;
		};
		218B78172E15C69E00F8B129 /* Resources */ = {
			isa = PBXResourcesBuildPhase;
			buildActionMask = 2147483647;
			files = (
			);
			runOnlyForDeploymentPostprocessing = 0;
		};
		218B78212E15C69E00F8B129 /* Resources */ = {
			isa = PBXResourcesBuildPhase;
			buildActionMask = 2147483647;
			files = (
			);
			runOnlyForDeploymentPostprocessing = 0;
		};
/* End PBXResourcesBuildPhase section */

/* Begin PBXSourcesBuildPhase section */
		218B78082E15C69D00F8B129 /* Sources */ = {
			isa = PBXSourcesBuildPhase;
			buildActionMask = 2147483647;
			files = (
			);
			runOnlyForDeploymentPostprocessing = 0;
		};
		218B78152E15C69E00F8B129 /* Sources */ = {
			isa = PBXSourcesBuildPhase;
			buildActionMask = 2147483647;
			files = (
			);
			runOnlyForDeploymentPostprocessing = 0;
		};
		218B781F2E15C69E00F8B129 /* Sources */ = {
			isa = PBXSourcesBuildPhase;
			buildActionMask = 2147483647;
			files = (
			);
			runOnlyForDeploymentPostprocessing = 0;
		};
/* End PBXSourcesBuildPhase section */

/* Begin PBXTargetDependency section */
		218B781B2E15C69E00F8B129 /* PBXTargetDependency */ = {
			isa = PBXTargetDependency;
			target = 218B780B2E15C69D00F8B129 /* WoodworkingCalculator */;
			targetProxy = 218B781A2E15C69E00F8B129 /* PBXContainerItemProxy */;
		};
		218B78252E15C69E00F8B129 /* PBXTargetDependency */ = {
			isa = PBXTargetDependency;
			target = 218B780B2E15C69D00F8B129 /* WoodworkingCalculator */;
			targetProxy = 218B78242E15C69E00F8B129 /* PBXContainerItemProxy */;
		};
/* End PBXTargetDependency section */

/* Begin XCBuildConfiguration section */
		218B782B2E15C69E00F8B129 /* Debug */ = {
			isa = XCBuildConfiguration;
			buildSettings = {
				ALWAYS_SEARCH_USER_PATHS = NO;
				ASSETCATALOG_COMPILER_GENERATE_SWIFT_ASSET_SYMBOL_EXTENSIONS = YES;
				CLANG_ANALYZER_NONNULL = YES;
				CLANG_ANALYZER_NUMBER_OBJECT_CONVERSION = YES_AGGRESSIVE;
				CLANG_CXX_LANGUAGE_STANDARD = "gnu++20";
				CLANG_ENABLE_MODULES = YES;
				CLANG_ENABLE_OBJC_ARC = YES;
				CLANG_ENABLE_OBJC_WEAK = YES;
				CLANG_WARN_BLOCK_CAPTURE_AUTORELEASING = YES;
				CLANG_WARN_BOOL_CONVERSION = YES;
				CLANG_WARN_COMMA = YES;
				CLANG_WARN_CONSTANT_CONVERSION = YES;
				CLANG_WARN_DEPRECATED_OBJC_IMPLEMENTATIONS = YES;
				CLANG_WARN_DIRECT_OBJC_ISA_USAGE = YES_ERROR;
				CLANG_WARN_DOCUMENTATION_COMMENTS = YES;
				CLANG_WARN_EMPTY_BODY = YES;
				CLANG_WARN_ENUM_CONVERSION = YES;
				CLANG_WARN_INFINITE_RECURSION = YES;
				CLANG_WARN_INT_CONVERSION = YES;
				CLANG_WARN_NON_LITERAL_NULL_CONVERSION = YES;
				CLANG_WARN_OBJC_IMPLICIT_RETAIN_SELF = YES;
				CLANG_WARN_OBJC_LITERAL_CONVERSION = YES;
				CLANG_WARN_OBJC_ROOT_CLASS = YES_ERROR;
				CLANG_WARN_QUOTED_INCLUDE_IN_FRAMEWORK_HEADER = YES;
				CLANG_WARN_RANGE_LOOP_ANALYSIS = YES;
				CLANG_WARN_STRICT_PROTOTYPES = YES;
				CLANG_WARN_SUSPICIOUS_MOVE = YES;
				CLANG_WARN_UNGUARDED_AVAILABILITY = YES_AGGRESSIVE;
				CLANG_WARN_UNREACHABLE_CODE = YES;
				CLANG_WARN__DUPLICATE_METHOD_MATCH = YES;
				COPY_PHASE_STRIP = NO;
				DEBUG_INFORMATION_FORMAT = dwarf;
				ENABLE_STRICT_OBJC_MSGSEND = YES;
				ENABLE_TESTABILITY = YES;
				ENABLE_USER_SCRIPT_SANDBOXING = YES;
				GCC_C_LANGUAGE_STANDARD = gnu17;
				GCC_DYNAMIC_NO_PIC = NO;
				GCC_NO_COMMON_BLOCKS = YES;
				GCC_OPTIMIZATION_LEVEL = 0;
				GCC_PREPROCESSOR_DEFINITIONS = (
					"DEBUG=1",
					"$(inherited)",
				);
				GCC_WARN_64_TO_32_BIT_CONVERSION = YES;
				GCC_WARN_ABOUT_RETURN_TYPE = YES_ERROR;
				GCC_WARN_UNDECLARED_SELECTOR = YES;
				GCC_WARN_UNINITIALIZED_AUTOS = YES_AGGRESSIVE;
				GCC_WARN_UNUSED_FUNCTION = YES;
				GCC_WARN_UNUSED_VARIABLE = YES;
				IPHONEOS_DEPLOYMENT_TARGET = 18.5;
				LOCALIZATION_PREFERS_STRING_CATALOGS = YES;
				MTL_ENABLE_DEBUG_INFO = INCLUDE_SOURCE;
				MTL_FAST_MATH = YES;
				ONLY_ACTIVE_ARCH = YES;
				SDKROOT = iphoneos;
				SWIFT_ACTIVE_COMPILATION_CONDITIONS = "DEBUG $(inherited)";
				SWIFT_OPTIMIZATION_LEVEL = "-Onone";
			};
			name = Debug;
		};
		218B782C2E15C69E00F8B129 /* Release */ = {
			isa = XCBuildConfiguration;
			buildSettings = {
				ALWAYS_SEARCH_USER_PATHS = NO;
				ASSETCATALOG_COMPILER_GENERATE_SWIFT_ASSET_SYMBOL_EXTENSIONS = YES;
				CLANG_ANALYZER_NONNULL = YES;
				CLANG_ANALYZER_NUMBER_OBJECT_CONVERSION = YES_AGGRESSIVE;
				CLANG_CXX_LANGUAGE_STANDARD = "gnu++20";
				CLANG_ENABLE_MODULES = YES;
				CLANG_ENABLE_OBJC_ARC = YES;
				CLANG_ENABLE_OBJC_WEAK = YES;
				CLANG_WARN_BLOCK_CAPTURE_AUTORELEASING = YES;
				CLANG_WARN_BOOL_CONVERSION = YES;
				CLANG_WARN_COMMA = YES;
				CLANG_WARN_CONSTANT_CONVERSION = YES;
				CLANG_WARN_DEPRECATED_OBJC_IMPLEMENTATIONS = YES;
				CLANG_WARN_DIRECT_OBJC_ISA_USAGE = YES_ERROR;
				CLANG_WARN_DOCUMENTATION_COMMENTS = YES;
				CLANG_WARN_EMPTY_BODY = YES;
				CLANG_WARN_ENUM_CONVERSION = YES;
				CLANG_WARN_INFINITE_RECURSION = YES;
				CLANG_WARN_INT_CONVERSION = YES;
				CLANG_WARN_NON_LITERAL_NULL_CONVERSION = YES;
				CLANG_WARN_OBJC_IMPLICIT_RETAIN_SELF = YES;
				CLANG_WARN_OBJC_LITERAL_CONVERSION = YES;
				CLANG_WARN_OBJC_ROOT_CLASS = YES_ERROR;
				CLANG_WARN_QUOTED_INCLUDE_IN_FRAMEWORK_HEADER = YES;
				CLANG_WARN_RANGE_LOOP_ANALYSIS = YES;
				CLANG_WARN_STRICT_PROTOTYPES = YES;
				CLANG_WARN_SUSPICIOUS_MOVE = YES;
				CLANG_WARN_UNGUARDED_AVAILABILITY = YES_AGGRESSIVE;
				CLANG_WARN_UNREACHABLE_CODE = YES;
				CLANG_WARN__DUPLICATE_METHOD_MATCH = YES;
				COPY_PHASE_STRIP = NO;
				DEBUG_INFORMATION_FORMAT = "dwarf-with-dsym";
				ENABLE_NS_ASSERTIONS = NO;
				ENABLE_STRICT_OBJC_MSGSEND = YES;
				ENABLE_USER_SCRIPT_SANDBOXING = YES;
				GCC_C_LANGUAGE_STANDARD = gnu17;
				GCC_NO_COMMON_BLOCKS = YES;
				GCC_WARN_64_TO_32_BIT_CONVERSION = YES;
				GCC_WARN_ABOUT_RETURN_TYPE = YES_ERROR;
				GCC_WARN_UNDECLARED_SELECTOR = YES;
				GCC_WARN_UNINITIALIZED_AUTOS = YES_AGGRESSIVE;
				GCC_WARN_UNUSED_FUNCTION = YES;
				GCC_WARN_UNUSED_VARIABLE = YES;
				IPHONEOS_DEPLOYMENT_TARGET = 18.5;
				LOCALIZATION_PREFERS_STRING_CATALOGS = YES;
				MTL_ENABLE_DEBUG_INFO = NO;
				MTL_FAST_MATH = YES;
				SDKROOT = iphoneos;
				SWIFT_COMPILATION_MODE = wholemodule;
				VALIDATE_PRODUCT = YES;
			};
			name = Release;
		};
		218B782E2E15C69E00F8B129 /* Debug */ = {
			isa = XCBuildConfiguration;
			buildSettings = {
				ASSETCATALOG_COMPILER_APPICON_NAME = AppIcon;
				ASSETCATALOG_COMPILER_GLOBAL_ACCENT_COLOR_NAME = AccentColor;
				CLANG_ENABLE_MODULES = YES;
				CODE_SIGN_IDENTITY = "Apple Development";
				CODE_SIGN_STYLE = Automatic;
				CURRENT_PROJECT_VERSION = 1;
				DEVELOPMENT_TEAM = FYBZ352JMQ;
				ENABLE_PREVIEWS = YES;
				GENERATE_INFOPLIST_FILE = YES;
				INFOPLIST_KEY_UIApplicationSceneManifest_Generation = YES;
				INFOPLIST_KEY_UIApplicationSupportsIndirectInputEvents = YES;
				INFOPLIST_KEY_UILaunchScreen_Generation = YES;
				INFOPLIST_KEY_UISupportedInterfaceOrientations_iPad = "UIInterfaceOrientationPortrait UIInterfaceOrientationPortraitUpsideDown UIInterfaceOrientationLandscapeLeft UIInterfaceOrientationLandscapeRight";
				INFOPLIST_KEY_UISupportedInterfaceOrientations_iPhone = "UIInterfaceOrientationPortrait UIInterfaceOrientationLandscapeLeft UIInterfaceOrientationLandscapeRight";
				LD_RUNPATH_SEARCH_PATHS = (
					"$(inherited)",
					"@executable_path/Frameworks",
				);
				MARKETING_VERSION = 1.0;
				PRODUCT_BUNDLE_IDENTIFIER = com.example.WoodworkingCalculator;
				PRODUCT_NAME = "$(TARGET_NAME)";
				PROVISIONING_PROFILE_SPECIFIER = "";
				SWIFT_EMIT_LOC_STRINGS = YES;
				SWIFT_OPTIMIZATION_LEVEL = "-Onone";
				SWIFT_VERSION = 5.0;
				TARGETED_DEVICE_FAMILY = "1,2";
			};
			name = Debug;
		};
		218B782F2E15C69E00F8B129 /* Release */ = {
			isa = XCBuildConfiguration;
			buildSettings = {
				ASSETCATALOG_COMPILER_APPICON_NAME = AppIcon;
				ASSETCATALOG_COMPILER_GLOBAL_ACCENT_COLOR_NAME = AccentColor;
				CLANG_ENABLE_MODULES = YES;
				CODE_SIGN_IDENTITY = "Apple Development";
				CODE_SIGN_STYLE = Automatic;
				CURRENT_PROJECT_VERSION = 1;
				DEVELOPMENT_TEAM = FYBZ352JMQ;
				ENABLE_PREVIEWS = YES;
				GENERATE_INFOPLIST_FILE = YES;
				INFOPLIST_KEY_UIApplicationSceneManifest_Generation = YES;
				INFOPLIST_KEY_UIApplicationSupportsIndirectInputEvents = YES;
				INFOPLIST_KEY_UILaunchScreen_Generation = YES;
				INFOPLIST_KEY_UISupportedInterfaceOrientations_iPad = "UIInterfaceOrientationPortrait UIInterfaceOrientationPortraitUpsideDown UIInterfaceOrientationLandscapeLeft UIInterfaceOrientationLandscapeRight";
				INFOPLIST_KEY_UISupportedInterfaceOrientations_iPhone = "UIInterfaceOrientationPortrait UIInterfaceOrientationLandscapeLeft UIInterfaceOrientationLandscapeRight";
				LD_RUNPATH_SEARCH_PATHS = (
					"$(inherited)",
					"@executable_path/Frameworks",
				);
				MARKETING_VERSION = 1.0;
				PRODUCT_BUNDLE_IDENTIFIER = com.example.WoodworkingCalculator;
				PRODUCT_NAME = "$(TARGET_NAME)";
				PROVISIONING_PROFILE_SPECIFIER = "";
				SWIFT_EMIT_LOC_STRINGS = YES;
				SWIFT_VERSION = 5.0;
				TARGETED_DEVICE_FAMILY = "1,2";
			};
			name = Release;
		};
		218B78312E15C69E00F8B129 /* Debug */ = {
			isa = XCBuildConfiguration;
			buildSettings = {
				BUNDLE_LOADER = "$(TEST_HOST)";
				CODE_SIGN_IDENTITY = "Apple Development";
				CODE_SIGN_STYLE = Automatic;
				CURRENT_PROJECT_VERSION = 1;
				DEVELOPMENT_TEAM = FYBZ352JMQ;
				GENERATE_INFOPLIST_FILE = YES;
				IPHONEOS_DEPLOYMENT_TARGET = 18.5;
				MARKETING_VERSION = 1.0;
				PRODUCT_BUNDLE_IDENTIFIER = com.example.WoodworkingCalculatorTests;
				PRODUCT_NAME = "$(TARGET_NAME)";
				PROVISIONING_PROFILE_SPECIFIER = "";
				SWIFT_EMIT_LOC_STRINGS = NO;
				SWIFT_VERSION = 5.0;
				TARGETED_DEVICE_FAMILY = "1,2";
				TEST_HOST = "$(BUILT_PRODUCTS_DIR)/WoodworkingCalculator.app/$(BUNDLE_EXECUTABLE_FOLDER_PATH)/WoodworkingCalculator";
			};
			name = Debug;
		};
		218B78322E15C69E00F8B129 /* Release */ = {
			isa = XCBuildConfiguration;
			buildSettings = {
				BUNDLE_LOADER = "$(TEST_HOST)";
				CODE_SIGN_IDENTITY = "Apple Development";
				CODE_SIGN_STYLE = Automatic;
				CURRENT_PROJECT_VERSION = 1;
				DEVELOPMENT_TEAM = FYBZ352JMQ;
				GENERATE_INFOPLIST_FILE = YES;
				IPHONEOS_DEPLOYMENT_TARGET = 18.5;
				MARKETING_VERSION = 1.0;
				PRODUCT_BUNDLE_IDENTIFIER = com.example.WoodworkingCalculatorTests;
				PRODUCT_NAME = "$(TARGET_NAME)";
				PROVISIONING_PROFILE_SPECIFIER = "";
				SWIFT_EMIT_LOC_STRINGS = NO;
				SWIFT_VERSION = 5.0;
				TARGETED_DEVICE_FAMILY = "1,2";
				TEST_HOST = "$(BUILT_PRODUCTS_DIR)/WoodworkingCalculator.app/$(BUNDLE_EXECUTABLE_FOLDER_PATH)/WoodworkingCalculator";
			};
			name = Release;
		};
		218B78342E15C69E00F8B129 /* Debug */ = {
			isa = XCBuildConfiguration;
			buildSettings = {
				CODE_SIGN_IDENTITY = "Apple Development";
				CODE_SIGN_STYLE = Automatic;
				CURRENT_PROJECT_VERSION = 1;
				DEVELOPMENT_TEAM = FYBZ352JMQ;
				GENERATE_INFOPLIST_FILE = YES;
				MARKETING_VERSION = 1.0;
				PRODUCT_BUNDLE_IDENTIFIER = com.example.WoodworkingCalculatorUITests;
				PRODUCT_NAME = "$(TARGET_NAME)";
				PROVISIONING_PROFILE_SPECIFIER = "";
				SWIFT_EMIT_LOC_STRINGS = NO;
				SWIFT_VERSION = 5.0;
				TARGETED_DEVICE_FAMILY = "1,2";
				TEST_TARGET_NAME = WoodworkingCalculator;
			};
			name = Debug;
		};
		218B78352E15C69E00F8B129 /* Release */ = {
			isa = XCBuildConfiguration;
			buildSettings = {
				CODE_SIGN_IDENTITY = "Apple Development";
				CODE_SIGN_STYLE = Automatic;
				CURRENT_PROJECT_VERSION = 1;
				DEVELOPMENT_TEAM = FYBZ352JMQ;
				GENERATE_INFOPLIST_FILE = YES;
				MARKETING_VERSION = 1.0;
				PRODUCT_BUNDLE_IDENTIFIER = com.example.WoodworkingCalculatorUITests;
				PRODUCT_NAME = "$(TARGET_NAME)";
				PROVISIONING_PROFILE_SPECIFIER = "";
				SWIFT_EMIT_LOC_STRINGS = NO;
				SWIFT_VERSION = 5.0;
				TARGETED_DEVICE_FAMILY = "1,2";
				TEST_TARGET_NAME = WoodworkingCalculator;
			};
			name = Release;
		};
/* End XCBuildConfiguration section */

/* Begin XCConfigurationList section */
		218B78072E15C69D00F8B129 /* Build configuration list for PBXProject "WoodworkingCalculator" */ = {
			isa = XCConfigurationList;
			buildConfigurations = (
				218B782B2E15C69E00F8B129 /* Debug */,
				218B782C2E15C69E00F8B129 /* Release */,
			);
			defaultConfigurationIsVisible = 0;
			defaultConfigurationName = Release;
		};
		218B782D2E15C69E00F8B129 /* Build configuration list for PBXNativeTarget "WoodworkingCalculator" */ = {
			isa = XCConfigurationList;
			buildConfigurations = (
				218B782E2E15C69E00F8B129 /* Debug */,
				218B782F2E15C69E00F8B129 /* Release */,
			);
			defaultConfigurationIsVisible = 0;
			defaultConfigurationName = Release;
		};
		218B78302E15C69E00F8B129 /* Build configuration list for PBXNativeTarget "WoodworkingCalculatorTests" */ = {
			isa = XCConfigurationList;
			buildConfigurations = (
				218B78312E15C69E00F8B129 /* Debug */,
				218B78322E15C69E00F8B129 /* Release */,
			);
			defaultConfigurationIsVisible = 0;
			defaultConfigurationName = Release;
		};
		218B78332E15C69E00F8B129 /* Build configuration list for PBXNativeTarget "WoodworkingCalculatorUITests" */ = {
			isa = XCConfigurationList;
			buildConfigurations = (
				218B78342E15C69E00F8B129 /* Debug */,
				218B78352E15C69E00F8B129 /* Release */,
			);
			defaultConfigurationIsVisible = 0;
			defaultConfigurationName = Release;
		};
/* End XCConfigurationList section */
	};
	rootObject = 218B78042E15C69D00F8B129 /* Project object */;
}
