// !$*UTF8*$!
{
	archiveVersion = 1;
	classes = {
	};
	objectVersion = 77;
	objects = {

/* Begin PBXBuildFile section */
		216BB80C2E26BDFC00D2AF17 /* Numerics in Frameworks */ = {isa = PBXBuildFile; productRef = 216BB80B2E26BDFC00D2AF17 /* Numerics */; };
		216BB8F12E32D28200D2AF17 /* ExyteGrid in Frameworks */ = {isa = PBXBuildFile; productRef = 216BB8F02E32D28200D2AF17 /* ExyteGrid */; };
/* End PBXBuildFile section */

/* Begin PBXContainerItemProxy section */
		216BB8482E29516400D2AF17 /* PBXContainerItemProxy */ = {
			isa = PBXContainerItemProxy;
			containerPortal = 218B78042E15C69D00F8B129 /* Project object */;
			proxyType = 1;
			remoteGlobalIDString = 216BB8412E29506400D2AF17;
			remoteInfo = Citron;
		};
		218B781A2E15C69E00F8B129 /* PBXContainerItemProxy */ = {
			isa = PBXContainerItemProxy;
			containerPortal = 218B78042E15C69D00F8B129 /* Project object */;
			proxyType = 1;
			remoteGlobalIDString = 218B780B2E15C69D00F8B129;
			remoteInfo = WoodworkingCalculator;
		};
		218B78242E15C69E00F8B129 /* PBXContainerItemProxy */ = {
			isa = PBXContainerItemProxy;
			containerPortal = 218B78042E15C69D00F8B129 /* Project object */;
			proxyType = 1;
			remoteGlobalIDString = 218B780B2E15C69D00F8B129;
			remoteInfo = WoodworkingCalculator;
		};
/* End PBXContainerItemProxy section */

/* Begin PBXFileReference section */
		216BB80D2E28144400D2AF17 /* README.md */ = {isa = PBXFileReference; lastKnownFileType = net.daringfireball.markdown; path = README.md; sourceTree = "<group>"; };
		218B780C2E15C69D00F8B129 /* Wood Calc.app */ = {isa = PBXFileReference; explicitFileType = wrapper.application; includeInIndex = 0; path = "Wood Calc.app"; sourceTree = BUILT_PRODUCTS_DIR; };
		218B78192E15C69E00F8B129 /* Wood Calc Tests.xctest */ = {isa = PBXFileReference; explicitFileType = wrapper.cfbundle; includeInIndex = 0; path = "Wood Calc Tests.xctest"; sourceTree = BUILT_PRODUCTS_DIR; };
		218B78232E15C69E00F8B129 /* Wood Calc UI Tests.xctest */ = {isa = PBXFileReference; explicitFileType = wrapper.cfbundle; includeInIndex = 0; path = "Wood Calc UI Tests.xctest"; sourceTree = BUILT_PRODUCTS_DIR; };
		219FB5802E1703D0003C50CA /* WoodworkingCalculator.xctestplan */ = {isa = PBXFileReference; lastKnownFileType = text; path = WoodworkingCalculator.xctestplan; sourceTree = "<group>"; };
		21C111482E3BDAB1007EB628 /* .gitignore */ = {isa = PBXFileReference; lastKnownFileType = text; path = .gitignore; sourceTree = "<group>"; };
/* End PBXFileReference section */

/* Begin PBXFileSystemSynchronizedBuildFileExceptionSet section */
		218B78742E1611BF00F8B129 /* Exceptions for "WoodworkingCalculator" folder in "Wood Calc" target */ = {
			isa = PBXFileSystemSynchronizedBuildFileExceptionSet;
			membershipExceptions = (
				Parser/WoodworkingCalculatorGrammar.y,
			);
			target = 218B780B2E15C69D00F8B129 /* Wood Calc */;
		};
/* End PBXFileSystemSynchronizedBuildFileExceptionSet section */

/* Begin PBXFileSystemSynchronizedRootGroup section */
		216BB8452E2950AB00D2AF17 /* Citron */ = {
			isa = PBXFileSystemSynchronizedRootGroup;
			path = Citron;
			sourceTree = "<group>";
		};
		218B780E2E15C69D00F8B129 /* WoodworkingCalculator */ = {
			isa = PBXFileSystemSynchronizedRootGroup;
			exceptions = (
				218B78742E1611BF00F8B129 /* Exceptions for "WoodworkingCalculator" folder in "Wood Calc" target */,
			);
			path = WoodworkingCalculator;
			sourceTree = "<group>";
		};
		218B781C2E15C69E00F8B129 /* WoodworkingCalculatorTests */ = {
			isa = PBXFileSystemSynchronizedRootGroup;
			path = WoodworkingCalculatorTests;
			sourceTree = "<group>";
		};
		218B78262E15C69E00F8B129 /* WoodworkingCalculatorUITests */ = {
			isa = PBXFileSystemSynchronizedRootGroup;
			path = WoodworkingCalculatorUITests;
			sourceTree = "<group>";
		};
/* End PBXFileSystemSynchronizedRootGroup section */

/* Begin PBXFrameworksBuildPhase section */
		218B78092E15C69D00F8B129 /* Frameworks */ = {
			isa = PBXFrameworksBuildPhase;
			buildActionMask = 2147483647;
			files = (
				216BB8F12E32D28200D2AF17 /* ExyteGrid in Frameworks */,
			);
			runOnlyForDeploymentPostprocessing = 0;
		};
		218B78162E15C69E00F8B129 /* Frameworks */ = {
			isa = PBXFrameworksBuildPhase;
			buildActionMask = 2147483647;
			files = (
				216BB80C2E26BDFC00D2AF17 /* Numerics in Frameworks */,
			);
			runOnlyForDeploymentPostprocessing = 0;
		};
		218B78202E15C69E00F8B129 /* Frameworks */ = {
			isa = PBXFrameworksBuildPhase;
			buildActionMask = 2147483647;
			files = (
			);
			runOnlyForDeploymentPostprocessing = 0;
		};
/* End PBXFrameworksBuildPhase section */

/* Begin PBXGroup section */
		21005B1C2E2039AE00ED60F5 /* Frameworks */ = {
			isa = PBXGroup;
			children = (
			);
			name = Frameworks;
			sourceTree = "<group>";
		};
		218B78032E15C69D00F8B129 = {
			isa = PBXGroup;
			children = (
				21C111482E3BDAB1007EB628 /* .gitignore */,
				216BB80D2E28144400D2AF17 /* README.md */,
				216BB8452E2950AB00D2AF17 /* Citron */,
				219FB5802E1703D0003C50CA /* WoodworkingCalculator.xctestplan */,
				218B780E2E15C69D00F8B129 /* WoodworkingCalculator */,
				218B781C2E15C69E00F8B129 /* WoodworkingCalculatorTests */,
				218B78262E15C69E00F8B129 /* WoodworkingCalculatorUITests */,
				21005B1C2E2039AE00ED60F5 /* Frameworks */,
				218B780D2E15C69D00F8B129 /* Products */,
			);
			sourceTree = "<group>";
		};
		218B780D2E15C69D00F8B129 /* Products */ = {
			isa = PBXGroup;
			children = (
				218B780C2E15C69D00F8B129 /* Wood Calc.app */,
				218B78192E15C69E00F8B129 /* Wood Calc Tests.xctest */,
				218B78232E15C69E00F8B129 /* Wood Calc UI Tests.xctest */,
			);
			name = Products;
			sourceTree = "<group>";
		};
/* End PBXGroup section */

/* Begin PBXLegacyTarget section */
		216BB8412E29506400D2AF17 /* Citron */ = {
			isa = PBXLegacyTarget;
			buildArgumentsString = "citron.c -o citron";
			buildConfigurationList = 216BB8422E29506400D2AF17 /* Build configuration list for PBXLegacyTarget "Citron" */;
			buildPhases = (
			);
			buildToolPath = clang;
			buildWorkingDirectory = /Users/seankelley/code/WoodworkingCalculator/Citron;
			dependencies = (
			);
			name = Citron;
			packageProductDependencies = (
			);
			passBuildSettingsInEnvironment = 1;
			productName = Citron;
		};
/* End PBXLegacyTarget section */

/* Begin PBXNativeTarget section */
		218B780B2E15C69D00F8B129 /* Wood Calc */ = {
			isa = PBXNativeTarget;
			buildConfigurationList = 218B782D2E15C69E00F8B129 /* Build configuration list for PBXNativeTarget "Wood Calc" */;
			buildPhases = (
				216BB85F2E29579000D2AF17 /* ShellScript */,
				218B78082E15C69D00F8B129 /* Sources */,
				218B78092E15C69D00F8B129 /* Frameworks */,
				218B780A2E15C69D00F8B129 /* Resources */,
			);
			buildRules = (
			);
			dependencies = (
				216BB8492E29516400D2AF17 /* PBXTargetDependency */,
			);
			fileSystemSynchronizedGroups = (
				218B780E2E15C69D00F8B129 /* WoodworkingCalculator */,
			);
			name = "Wood Calc";
			packageProductDependencies = (
				216BB8F02E32D28200D2AF17 /* ExyteGrid */,
			);
			productName = WoodworkingCalculator;
			productReference = 218B780C2E15C69D00F8B129 /* Wood Calc.app */;
			productType = "com.apple.product-type.application";
		};
		218B78182E15C69E00F8B129 /* Wood Calc Tests */ = {
			isa = PBXNativeTarget;
			buildConfigurationList = 218B78302E15C69E00F8B129 /* Build configuration list for PBXNativeTarget "Wood Calc Tests" */;
			buildPhases = (
				218B78152E15C69E00F8B129 /* Sources */,
				218B78162E15C69E00F8B129 /* Frameworks */,
				218B78172E15C69E00F8B129 /* Resources */,
			);
			buildRules = (
			);
			dependencies = (
				218B781B2E15C69E00F8B129 /* PBXTargetDependency */,
			);
			fileSystemSynchronizedGroups = (
				218B781C2E15C69E00F8B129 /* WoodworkingCalculatorTests */,
			);
			name = "Wood Calc Tests";
			packageProductDependencies = (
				216BB80B2E26BDFC00D2AF17 /* Numerics */,
			);
			productName = WoodworkingCalculatorTests;
			productReference = 218B78192E15C69E00F8B129 /* Wood Calc Tests.xctest */;
			productType = "com.apple.product-type.bundle.unit-test";
		};
		218B78222E15C69E00F8B129 /* Wood Calc UI Tests */ = {
			isa = PBXNativeTarget;
			buildConfigurationList = 218B78332E15C69E00F8B129 /* Build configuration list for PBXNativeTarget "Wood Calc UI Tests" */;
			buildPhases = (
				218B781F2E15C69E00F8B129 /* Sources */,
				218B78202E15C69E00F8B129 /* Frameworks */,
				218B78212E15C69E00F8B129 /* Resources */,
			);
			buildRules = (
			);
			dependencies = (
				218B78252E15C69E00F8B129 /* PBXTargetDependency */,
			);
			fileSystemSynchronizedGroups = (
				218B78262E15C69E00F8B129 /* WoodworkingCalculatorUITests */,
			);
			name = "Wood Calc UI Tests";
			packageProductDependencies = (
			);
			productName = WoodworkingCalculatorUITests;
			productReference = 218B78232E15C69E00F8B129 /* Wood Calc UI Tests.xctest */;
			productType = "com.apple.product-type.bundle.ui-testing";
		};
/* End PBXNativeTarget section */

/* Begin PBXProject section */
		218B78042E15C69D00F8B129 /* Project object */ = {
			isa = PBXProject;
			attributes = {
				BuildIndependentTargetsInParallel = 1;
				LastSwiftUpdateCheck = 1640;
				LastUpgradeCheck = 1640;
				TargetAttributes = {
					216BB8412E29506400D2AF17 = {
						CreatedOnToolsVersion = 16.4;
					};
					218B780B2E15C69D00F8B129 = {
						CreatedOnToolsVersion = 16.4;
						LastSwiftMigration = 1640;
					};
					218B78182E15C69E00F8B129 = {
						CreatedOnToolsVersion = 16.4;
						TestTargetID = 218B780B2E15C69D00F8B129;
					};
					218B78222E15C69E00F8B129 = {
						CreatedOnToolsVersion = 16.4;
						TestTargetID = 218B780B2E15C69D00F8B129;
					};
				};
			};
			buildConfigurationList = 218B78072E15C69D00F8B129 /* Build configuration list for PBXProject "WoodworkingCalculator" */;
			developmentRegion = en;
			hasScannedForEncodings = 0;
			knownRegions = (
				en,
				Base,
			);
			mainGroup = 218B78032E15C69D00F8B129;
			minimizedProjectReferenceProxies = 1;
			packageReferences = (
				21005B1B2E20383900ED60F5 /* XCRemoteSwiftPackageReference "swift-numerics" */,
				216BB8EF2E32D28200D2AF17 /* XCRemoteSwiftPackageReference "Grid" */,
			);
			preferredProjectObjectVersion = 77;
			productRefGroup = 218B780D2E15C69D00F8B129 /* Products */;
			projectDirPath = "";
			projectRoot = "";
			targets = (
				218B780B2E15C69D00F8B129 /* Wood Calc */,
				218B78182E15C69E00F8B129 /* Wood Calc Tests */,
				218B78222E15C69E00F8B129 /* Wood Calc UI Tests */,
				216BB8412E29506400D2AF17 /* Citron */,
			);
		};
/* End PBXProject section */

/* Begin PBXResourcesBuildPhase section */
		218B780A2E15C69D00F8B129 /* Resources */ = {
			isa = PBXResourcesBuildPhase;
			buildActionMask = 2147483647;
			files = (
			);
			runOnlyForDeploymentPostprocessing = 0;
		};
		218B78172E15C69E00F8B129 /* Resources */ = {
			isa = PBXResourcesBuildPhase;
			buildActionMask = 2147483647;
			files = (
			);
			runOnlyForDeploymentPostprocessing = 0;
		};
		218B78212E15C69E00F8B129 /* Resources */ = {
			isa = PBXResourcesBuildPhase;
			buildActionMask = 2147483647;
			files = (
			);
			runOnlyForDeploymentPostprocessing = 0;
		};
/* End PBXResourcesBuildPhase section */

/* Begin PBXShellScriptBuildPhase section */
		216BB85F2E29579000D2AF17 /* ShellScript */ = {
			isa = PBXShellScriptBuildPhase;
			buildActionMask = 2147483647;
			files = (
			);
			inputFileListPaths = (
			);
			inputPaths = (
				"$(SRCROOT)/Citron/citron",
				"$(SRCROOT)/WoodworkingCalculator/Parser/WoodworkingCalculatorGrammar.y",
			);
			outputFileListPaths = (
			);
			outputPaths = (
				"$(SRCROOT)/WoodworkingCalculator/Parser/WoodworkingCalculatorParser.swift",
			);
			runOnlyForDeploymentPostprocessing = 0;
			shellPath = /bin/zsh;
			shellScript = "Citron/citron WoodworkingCalculator/Parser/WoodworkingCalculatorGrammar.y -o WoodworkingCalculator/Parser/WoodworkingCalculatorParser.swift\n";
		};
/* End PBXShellScriptBuildPhase section */

/* Begin PBXSourcesBuildPhase section */
		218B78082E15C69D00F8B129 /* Sources */ = {
			isa = PBXSourcesBuildPhase;
			buildActionMask = 2147483647;
			files = (
			);
			runOnlyForDeploymentPostprocessing = 0;
		};
		218B78152E15C69E00F8B129 /* Sources */ = {
			isa = PBXSourcesBuildPhase;
			buildActionMask = 2147483647;
			files = (
			);
			runOnlyForDeploymentPostprocessing = 0;
		};
		218B781F2E15C69E00F8B129 /* Sources */ = {
			isa = PBXSourcesBuildPhase;
			buildActionMask = 2147483647;
			files = (
			);
			runOnlyForDeploymentPostprocessing = 0;
		};
/* End PBXSourcesBuildPhase section */

/* Begin PBXTargetDependency section */
		216BB8492E29516400D2AF17 /* PBXTargetDependency */ = {
			isa = PBXTargetDependency;
			target = 216BB8412E29506400D2AF17 /* Citron */;
			targetProxy = 216BB8482E29516400D2AF17 /* PBXContainerItemProxy */;
		};
		218B781B2E15C69E00F8B129 /* PBXTargetDependency */ = {
			isa = PBXTargetDependency;
			target = 218B780B2E15C69D00F8B129 /* Wood Calc */;
			targetProxy = 218B781A2E15C69E00F8B129 /* PBXContainerItemProxy */;
		};
		218B78252E15C69E00F8B129 /* PBXTargetDependency */ = {
			isa = PBXTargetDependency;
			target = 218B780B2E15C69D00F8B129 /* Wood Calc */;
			targetProxy = 218B78242E15C69E00F8B129 /* PBXContainerItemProxy */;
		};
/* End PBXTargetDependency section */

/* Begin XCBuildConfiguration section */
		216BB8432E29506400D2AF17 /* Debug */ = {
			isa = XCBuildConfiguration;
			buildSettings = {
				CODE_SIGN_STYLE = Automatic;
				DEBUGGING_SYMBOLS = YES;
				DEBUG_INFORMATION_FORMAT = dwarf;
				DEVELOPMENT_TEAM = FYBZ352JMQ;
				GCC_GENERATE_DEBUGGING_SYMBOLS = YES;
				GCC_OPTIMIZATION_LEVEL = 0;
				OTHER_LDFLAGS = "";
				PRODUCT_NAME = "$(TARGET_NAME)";
				SDKROOT = macosx;
			};
			name = Debug;
		};
		216BB8442E29506400D2AF17 /* Release */ = {
			isa = XCBuildConfiguration;
			buildSettings = {
				CODE_SIGN_STYLE = Automatic;
				DEBUG_INFORMATION_FORMAT = "dwarf-with-dsym";
				DEVELOPMENT_TEAM = FYBZ352JMQ;
				OTHER_LDFLAGS = "";
				PRODUCT_NAME = "$(TARGET_NAME)";
				SDKROOT = macosx;
			};
			name = Release;
		};
		218B782B2E15C69E00F8B129 /* Debug */ = {
			isa = XCBuildConfiguration;
			buildSettings = {
				ALWAYS_SEARCH_USER_PATHS = NO;
				ASSETCATALOG_COMPILER_GENERATE_SWIFT_ASSET_SYMBOL_EXTENSIONS = YES;
				CLANG_ANALYZER_NONNULL = YES;
				CLANG_ANALYZER_NUMBER_OBJECT_CONVERSION = YES_AGGRESSIVE;
				CLANG_CXX_LANGUAGE_STANDARD = "gnu++20";
				CLANG_ENABLE_MODULES = YES;
				CLANG_ENABLE_OBJC_ARC = YES;
				CLANG_ENABLE_OBJC_WEAK = YES;
				CLANG_WARN_BLOCK_CAPTURE_AUTORELEASING = YES;
				CLANG_WARN_BOOL_CONVERSION = YES;
				CLANG_WARN_COMMA = YES;
				CLANG_WARN_CONSTANT_CONVERSION = YES;
				CLANG_WARN_DEPRECATED_OBJC_IMPLEMENTATIONS = YES;
				CLANG_WARN_DIRECT_OBJC_ISA_USAGE = YES_ERROR;
				CLANG_WARN_DOCUMENTATION_COMMENTS = YES;
				CLANG_WARN_EMPTY_BODY = YES;
				CLANG_WARN_ENUM_CONVERSION = YES;
				CLANG_WARN_INFINITE_RECURSION = YES;
				CLANG_WARN_INT_CONVERSION = YES;
				CLANG_WARN_NON_LITERAL_NULL_CONVERSION = YES;
				CLANG_WARN_OBJC_IMPLICIT_RETAIN_SELF = YES;
				CLANG_WARN_OBJC_LITERAL_CONVERSION = YES;
				CLANG_WARN_OBJC_ROOT_CLASS = YES_ERROR;
				CLANG_WARN_QUOTED_INCLUDE_IN_FRAMEWORK_HEADER = YES;
				CLANG_WARN_RANGE_LOOP_ANALYSIS = YES;
				CLANG_WARN_STRICT_PROTOTYPES = YES;
				CLANG_WARN_SUSPICIOUS_MOVE = YES;
				CLANG_WARN_UNGUARDED_AVAILABILITY = YES_AGGRESSIVE;
				CLANG_WARN_UNREACHABLE_CODE = YES;
				CLANG_WARN__DUPLICATE_METHOD_MATCH = YES;
				COPY_PHASE_STRIP = NO;
				DEBUG_INFORMATION_FORMAT = dwarf;
				ENABLE_STRICT_OBJC_MSGSEND = YES;
				ENABLE_TESTABILITY = YES;
				ENABLE_USER_SCRIPT_SANDBOXING = YES;
				GCC_C_LANGUAGE_STANDARD = gnu17;
				GCC_DYNAMIC_NO_PIC = NO;
				GCC_NO_COMMON_BLOCKS = YES;
				GCC_OPTIMIZATION_LEVEL = 0;
				GCC_PREPROCESSOR_DEFINITIONS = (
					"DEBUG=1",
					"$(inherited)",
				);
				GCC_WARN_64_TO_32_BIT_CONVERSION = YES;
				GCC_WARN_ABOUT_RETURN_TYPE = YES_ERROR;
				GCC_WARN_UNDECLARED_SELECTOR = YES;
				GCC_WARN_UNINITIALIZED_AUTOS = YES_AGGRESSIVE;
				GCC_WARN_UNUSED_FUNCTION = YES;
				GCC_WARN_UNUSED_VARIABLE = YES;
				IPHONEOS_DEPLOYMENT_TARGET = 18.5;
				LOCALIZATION_PREFERS_STRING_CATALOGS = YES;
				MTL_ENABLE_DEBUG_INFO = INCLUDE_SOURCE;
				MTL_FAST_MATH = YES;
				ONLY_ACTIVE_ARCH = YES;
				SDKROOT = iphoneos;
				SWIFT_ACTIVE_COMPILATION_CONDITIONS = "DEBUG $(inherited)";
				SWIFT_OPTIMIZATION_LEVEL = "-Onone";
			};
			name = Debug;
		};
		218B782C2E15C69E00F8B129 /* Release */ = {
			isa = XCBuildConfiguration;
			buildSettings = {
				ALWAYS_SEARCH_USER_PATHS = NO;
				ASSETCATALOG_COMPILER_GENERATE_SWIFT_ASSET_SYMBOL_EXTENSIONS = YES;
				CLANG_ANALYZER_NONNULL = YES;
				CLANG_ANALYZER_NUMBER_OBJECT_CONVERSION = YES_AGGRESSIVE;
				CLANG_CXX_LANGUAGE_STANDARD = "gnu++20";
				CLANG_ENABLE_MODULES = YES;
				CLANG_ENABLE_OBJC_ARC = YES;
				CLANG_ENABLE_OBJC_WEAK = YES;
				CLANG_WARN_BLOCK_CAPTURE_AUTORELEASING = YES;
				CLANG_WARN_BOOL_CONVERSION = YES;
				CLANG_WARN_COMMA = YES;
				CLANG_WARN_CONSTANT_CONVERSION = YES;
				CLANG_WARN_DEPRECATED_OBJC_IMPLEMENTATIONS = YES;
				CLANG_WARN_DIRECT_OBJC_ISA_USAGE = YES_ERROR;
				CLANG_WARN_DOCUMENTATION_COMMENTS = YES;
				CLANG_WARN_EMPTY_BODY = YES;
				CLANG_WARN_ENUM_CONVERSION = YES;
				CLANG_WARN_INFINITE_RECURSION = YES;
				CLANG_WARN_INT_CONVERSION = YES;
				CLANG_WARN_NON_LITERAL_NULL_CONVERSION = YES;
				CLANG_WARN_OBJC_IMPLICIT_RETAIN_SELF = YES;
				CLANG_WARN_OBJC_LITERAL_CONVERSION = YES;
				CLANG_WARN_OBJC_ROOT_CLASS = YES_ERROR;
				CLANG_WARN_QUOTED_INCLUDE_IN_FRAMEWORK_HEADER = YES;
				CLANG_WARN_RANGE_LOOP_ANALYSIS = YES;
				CLANG_WARN_STRICT_PROTOTYPES = YES;
				CLANG_WARN_SUSPICIOUS_MOVE = YES;
				CLANG_WARN_UNGUARDED_AVAILABILITY = YES_AGGRESSIVE;
				CLANG_WARN_UNREACHABLE_CODE = YES;
				CLANG_WARN__DUPLICATE_METHOD_MATCH = YES;
				COPY_PHASE_STRIP = NO;
				DEBUG_INFORMATION_FORMAT = "dwarf-with-dsym";
				ENABLE_NS_ASSERTIONS = NO;
				ENABLE_STRICT_OBJC_MSGSEND = YES;
				ENABLE_USER_SCRIPT_SANDBOXING = YES;
				GCC_C_LANGUAGE_STANDARD = gnu17;
				GCC_NO_COMMON_BLOCKS = YES;
				GCC_WARN_64_TO_32_BIT_CONVERSION = YES;
				GCC_WARN_ABOUT_RETURN_TYPE = YES_ERROR;
				GCC_WARN_UNDECLARED_SELECTOR = YES;
				GCC_WARN_UNINITIALIZED_AUTOS = YES_AGGRESSIVE;
				GCC_WARN_UNUSED_FUNCTION = YES;
				GCC_WARN_UNUSED_VARIABLE = YES;
				IPHONEOS_DEPLOYMENT_TARGET = 18.5;
				LOCALIZATION_PREFERS_STRING_CATALOGS = YES;
				MTL_ENABLE_DEBUG_INFO = NO;
				MTL_FAST_MATH = YES;
				SDKROOT = iphoneos;
				SWIFT_COMPILATION_MODE = wholemodule;
				VALIDATE_PRODUCT = YES;
			};
			name = Release;
		};
		218B782E2E15C69E00F8B129 /* Debug */ = {
			isa = XCBuildConfiguration;
			buildSettings = {
				ASSETCATALOG_COMPILER_APPICON_NAME = AppIcon;
				ASSETCATALOG_COMPILER_GLOBAL_ACCENT_COLOR_NAME = AccentColor;
				CLANG_ENABLE_MODULES = YES;
				CODE_SIGN_IDENTITY = "Apple Development";
				CODE_SIGN_STYLE = Automatic;
				CURRENT_PROJECT_VERSION = 1;
				DEVELOPMENT_TEAM = FYBZ352JMQ;
				ENABLE_PREVIEWS = YES;
				GENERATE_INFOPLIST_FILE = YES;
				INFOPLIST_KEY_ITSAppUsesNonExemptEncryption = NO;
				INFOPLIST_KEY_LSApplicationCategoryType = "public.app-category.utilities";
				INFOPLIST_KEY_UIApplicationSceneManifest_Generation = YES;
				INFOPLIST_KEY_UIApplicationSupportsIndirectInputEvents = YES;
				INFOPLIST_KEY_UILaunchScreen_Generation = YES;
				INFOPLIST_KEY_UISupportedInterfaceOrientations_iPhone = UIInterfaceOrientationPortrait;
				IPHONEOS_DEPLOYMENT_TARGET = 26.0;
				LD_RUNPATH_SEARCH_PATHS = (
					"$(inherited)",
					"@executable_path/Frameworks",
				);
				MARKETING_VERSION = 1.0;
				PRODUCT_BUNDLE_IDENTIFIER = me.nkelley.WoodworkingCalculator;
				PRODUCT_NAME = "$(TARGET_NAME)";
				PROVISIONING_PROFILE_SPECIFIER = "";
				SUPPORTED_PLATFORMS = "iphoneos iphonesimulator";
				SUPPORTS_MACCATALYST = NO;
				SUPPORTS_XR_DESIGNED_FOR_IPHONE_IPAD = NO;
				SWIFT_EMIT_LOC_STRINGS = YES;
				SWIFT_OPTIMIZATION_LEVEL = "-Onone";
				SWIFT_VERSION = 5.0;
				TARGETED_DEVICE_FAMILY = 1;
			};
			name = Debug;
		};
		218B782F2E15C69E00F8B129 /* Release */ = {
			isa = XCBuildConfiguration;
			buildSettings = {
				ASSETCATALOG_COMPILER_APPICON_NAME = AppIcon;
				ASSETCATALOG_COMPILER_GLOBAL_ACCENT_COLOR_NAME = AccentColor;
				CLANG_ENABLE_MODULES = YES;
				CODE_SIGN_IDENTITY = "Apple Development";
				CODE_SIGN_STYLE = Automatic;
				CURRENT_PROJECT_VERSION = 1;
				DEVELOPMENT_TEAM = FYBZ352JMQ;
				ENABLE_PREVIEWS = YES;
				GENERATE_INFOPLIST_FILE = YES;
				INFOPLIST_KEY_ITSAppUsesNonExemptEncryption = NO;
				INFOPLIST_KEY_LSApplicationCategoryType = "public.app-category.utilities";
				INFOPLIST_KEY_UIApplicationSceneManifest_Generation = YES;
				INFOPLIST_KEY_UIApplicationSupportsIndirectInputEvents = YES;
				INFOPLIST_KEY_UILaunchScreen_Generation = YES;
				INFOPLIST_KEY_UISupportedInterfaceOrientations_iPhone = UIInterfaceOrientationPortrait;
				IPHONEOS_DEPLOYMENT_TARGET = 26.0;
				LD_RUNPATH_SEARCH_PATHS = (
					"$(inherited)",
					"@executable_path/Frameworks",
				);
				MARKETING_VERSION = 1.0;
				PRODUCT_BUNDLE_IDENTIFIER = me.nkelley.WoodworkingCalculator;
				PRODUCT_NAME = "$(TARGET_NAME)";
				PROVISIONING_PROFILE_SPECIFIER = "";
				SUPPORTED_PLATFORMS = "iphoneos iphonesimulator";
				SUPPORTS_MACCATALYST = NO;
				SUPPORTS_XR_DESIGNED_FOR_IPHONE_IPAD = NO;
				SWIFT_EMIT_LOC_STRINGS = YES;
				SWIFT_VERSION = 5.0;
				TARGETED_DEVICE_FAMILY = 1;
			};
			name = Release;
		};
		218B78312E15C69E00F8B129 /* Debug */ = {
			isa = XCBuildConfiguration;
			buildSettings = {
				BUNDLE_LOADER = "$(TEST_HOST)";
				CODE_SIGN_IDENTITY = "Apple Development";
				CODE_SIGN_STYLE = Automatic;
				CURRENT_PROJECT_VERSION = 1;
				DEVELOPMENT_TEAM = FYBZ352JMQ;
				GENERATE_INFOPLIST_FILE = YES;
				IPHONEOS_DEPLOYMENT_TARGET = 26.0;
				MARKETING_VERSION = 1.0;
				PRODUCT_BUNDLE_IDENTIFIER = me.nkelley.WoodworkingCalculatorTests;
				PRODUCT_NAME = "$(TARGET_NAME)";
				PROVISIONING_PROFILE_SPECIFIER = "";
				SUPPORTED_PLATFORMS = "iphoneos iphonesimulator";
				SUPPORTS_MACCATALYST = NO;
				SUPPORTS_XR_DESIGNED_FOR_IPHONE_IPAD = NO;
				SWIFT_EMIT_LOC_STRINGS = NO;
				SWIFT_VERSION = 5.0;
				TARGETED_DEVICE_FAMILY = 1;
				TEST_HOST = "$(BUILT_PRODUCTS_DIR)/Wood Calc.app/$(BUNDLE_EXECUTABLE_FOLDER_PATH)/Wood Calc";
			};
			name = Debug;
		};
		218B78322E15C69E00F8B129 /* Release */ = {
			isa = XCBuildConfiguration;
			buildSettings = {
				BUNDLE_LOADER = "$(TEST_HOST)";
				CODE_SIGN_IDENTITY = "Apple Development";
				CODE_SIGN_STYLE = Automatic;
				CURRENT_PROJECT_VERSION = 1;
				DEVELOPMENT_TEAM = FYBZ352JMQ;
				GENERATE_INFOPLIST_FILE = YES;
				IPHONEOS_DEPLOYMENT_TARGET = 26.0;
				MARKETING_VERSION = 1.0;
				PRODUCT_BUNDLE_IDENTIFIER = me.nkelley.WoodworkingCalculatorTests;
				PRODUCT_NAME = "$(TARGET_NAME)";
				PROVISIONING_PROFILE_SPECIFIER = "";
				SUPPORTED_PLATFORMS = "iphoneos iphonesimulator";
				SUPPORTS_MACCATALYST = NO;
				SUPPORTS_XR_DESIGNED_FOR_IPHONE_IPAD = NO;
				SWIFT_EMIT_LOC_STRINGS = NO;
				SWIFT_VERSION = 5.0;
				TARGETED_DEVICE_FAMILY = 1;
				TEST_HOST = "$(BUILT_PRODUCTS_DIR)/Wood Calc.app/$(BUNDLE_EXECUTABLE_FOLDER_PATH)/Wood Calc";
			};
			name = Release;
		};
		218B78342E15C69E00F8B129 /* Debug */ = {
			isa = XCBuildConfiguration;
			buildSettings = {
				CODE_SIGN_IDENTITY = "Apple Development";
				CODE_SIGN_STYLE = Automatic;
				CURRENT_PROJECT_VERSION = 1;
				DEVELOPMENT_TEAM = FYBZ352JMQ;
				GENERATE_INFOPLIST_FILE = YES;
				IPHONEOS_DEPLOYMENT_TARGET = 26.0;
				MARKETING_VERSION = 1.0;
				PRODUCT_BUNDLE_IDENTIFIER = me.nkelley.WoodworkingCalculatorUITests;
				PRODUCT_NAME = "$(TARGET_NAME)";
				PROVISIONING_PROFILE = "";
				PROVISIONING_PROFILE_SPECIFIER = "";
				SUPPORTED_PLATFORMS = "iphoneos iphonesimulator";
				SUPPORTS_MACCATALYST = NO;
				SUPPORTS_XR_DESIGNED_FOR_IPHONE_IPAD = NO;
				SWIFT_EMIT_LOC_STRINGS = NO;
				SWIFT_VERSION = 5.0;
				TARGETED_DEVICE_FAMILY = 1;
				TEST_TARGET_NAME = "Wood Calc";
			};
			name = Debug;
		};
		218B78352E15C69E00F8B129 /* Release */ = {
			isa = XCBuildConfiguration;
			buildSettings = {
				CODE_SIGN_IDENTITY = "Apple Development";
				CODE_SIGN_STYLE = Automatic;
				CURRENT_PROJECT_VERSION = 1;
				DEVELOPMENT_TEAM = FYBZ352JMQ;
				GENERATE_INFOPLIST_FILE = YES;
				IPHONEOS_DEPLOYMENT_TARGET = 26.0;
				MARKETING_VERSION = 1.0;
				PRODUCT_BUNDLE_IDENTIFIER = me.nkelley.WoodworkingCalculatorUITests;
				PRODUCT_NAME = "$(TARGET_NAME)";
				PROVISIONING_PROFILE = "";
				PROVISIONING_PROFILE_SPECIFIER = "";
				SUPPORTED_PLATFORMS = "iphoneos iphonesimulator";
				SUPPORTS_MACCATALYST = NO;
				SUPPORTS_XR_DESIGNED_FOR_IPHONE_IPAD = NO;
				SWIFT_EMIT_LOC_STRINGS = NO;
				SWIFT_VERSION = 5.0;
				TARGETED_DEVICE_FAMILY = 1;
				TEST_TARGET_NAME = "Wood Calc";
			};
			name = Release;
		};
/* End XCBuildConfiguration section */

/* Begin XCConfigurationList section */
		216BB8422E29506400D2AF17 /* Build configuration list for PBXLegacyTarget "Citron" */ = {
			isa = XCConfigurationList;
			buildConfigurations = (
				216BB8432E29506400D2AF17 /* Debug */,
				216BB8442E29506400D2AF17 /* Release */,
			);
			defaultConfigurationIsVisible = 0;
			defaultConfigurationName = Release;
		};
		218B78072E15C69D00F8B129 /* Build configuration list for PBXProject "WoodworkingCalculator" */ = {
			isa = XCConfigurationList;
			buildConfigurations = (
				218B782B2E15C69E00F8B129 /* Debug */,
				218B782C2E15C69E00F8B129 /* Release */,
			);
			defaultConfigurationIsVisible = 0;
			defaultConfigurationName = Release;
		};
		218B782D2E15C69E00F8B129 /* Build configuration list for PBXNativeTarget "Wood Calc" */ = {
			isa = XCConfigurationList;
			buildConfigurations = (
				218B782E2E15C69E00F8B129 /* Debug */,
				218B782F2E15C69E00F8B129 /* Release */,
			);
			defaultConfigurationIsVisible = 0;
			defaultConfigurationName = Release;
		};
		218B78302E15C69E00F8B129 /* Build configuration list for PBXNativeTarget "Wood Calc Tests" */ = {
			isa = XCConfigurationList;
			buildConfigurations = (
				218B78312E15C69E00F8B129 /* Debug */,
				218B78322E15C69E00F8B129 /* Release */,
			);
			defaultConfigurationIsVisible = 0;
			defaultConfigurationName = Release;
		};
		218B78332E15C69E00F8B129 /* Build configuration list for PBXNativeTarget "Wood Calc UI Tests" */ = {
			isa = XCConfigurationList;
			buildConfigurations = (
				218B78342E15C69E00F8B129 /* Debug */,
				218B78352E15C69E00F8B129 /* Release */,
			);
			defaultConfigurationIsVisible = 0;
			defaultConfigurationName = Release;
		};
/* End XCConfigurationList section */

/* Begin XCRemoteSwiftPackageReference section */
		21005B1B2E20383900ED60F5 /* XCRemoteSwiftPackageReference "swift-numerics" */ = {
			isa = XCRemoteSwiftPackageReference;
			repositoryURL = "https://github.com/apple/swift-numerics.git";
			requirement = {
				kind = upToNextMajorVersion;
				minimumVersion = 1.0.3;
			};
		};
		216BB8EF2E32D28200D2AF17 /* XCRemoteSwiftPackageReference "Grid" */ = {
			isa = XCRemoteSwiftPackageReference;
			repositoryURL = "https://github.com/exyte/Grid";
			requirement = {
				kind = upToNextMajorVersion;
				minimumVersion = 1.5.0;
			};
		};
/* End XCRemoteSwiftPackageReference section */

/* Begin XCSwiftPackageProductDependency section */
		216BB80B2E26BDFC00D2AF17 /* Numerics */ = {
			isa = XCSwiftPackageProductDependency;
			package = 21005B1B2E20383900ED60F5 /* XCRemoteSwiftPackageReference "swift-numerics" */;
			productName = Numerics;
		};
		216BB8F02E32D28200D2AF17 /* ExyteGrid */ = {
			isa = XCSwiftPackageProductDependency;
			package = 216BB8EF2E32D28200D2AF17 /* XCRemoteSwiftPackageReference "Grid" */;
			productName = ExyteGrid;
		};
/* End XCSwiftPackageProductDependency section */
	};
	rootObject = 218B78042E15C69D00F8B129 /* Project object */;
}
